
Microsoft Visual Studio Solution File, Format Version 12.00
# Visual Studio Version 17
VisualStudioVersion = 17.13.35825.156
MinimumVisualStudioVersion = 10.0.40219.1
Project("{FAE04EC0-301F-11D3-BF4B-00C04F79EFBC}") = "OpenGLStudy", "OpenGLStudy.csproj", "{938F55DD-3901-45F6-9450-A4D9246E35CC}"
EndProject
Global
	GlobalSection(SolutionConfigurationPlatforms) = preSolution
		Debug|Any CPU = Debug|Any CPU
		Release|Any CPU = Release|Any CPU
	EndGlobalSection
	GlobalSection(ProjectConfigurationPlatforms) = postSolution
		{938F55DD-3901-45F6-9450-A4D9246E35CC}.Debug|Any CPU.ActiveCfg = Debug|Any CPU
		{938F55DD-3901-45F6-9450-A4D9246E35CC}.Debug|Any CPU.Build.0 = Debug|Any CPU
		{938F55DD-3901-45F6-9450-A4D9246E35CC}.Release|Any CPU.ActiveCfg = Release|Any CPU
		{938F55DD-3901-45F6-9450-A4D9246E35CC}.Release|Any CPU.Build.0 = Release|Any CPU
	EndGlobalSection
	GlobalSection(SolutionProperties) = preSolution
		HideSolutionNode = FALSE
	EndGlobalSection
	GlobalSection(ExtensibilityGlobals) = postSolution
		SolutionGuid = {26731251-AAD7-468D-8F41-499C24B5CE49}
	EndGlobalSection
EndGlobal
